
Microsoft Visual Studio Solution File, Format Version 12.00
# Visual Studio Version 16
VisualStudioVersion = 16.0.31005.135
MinimumVisualStudioVersion = 10.0.40219.1
Project("{FAE04EC0-301F-11D3-BF4B-00C04F79EFBC}") = "siteYonetimi", "siteYonetimi.csproj", "{9542A143-EE13-4BE5-B523-8C089C5C5EDA}"
EndProject
Global
	GlobalSection(SolutionConfigurationPlatforms) = preSolution
		Debug|Any CPU = Debug|Any CPU
		Release|Any CPU = Release|Any CPU
	EndGlobalSection
	GlobalSection(ProjectConfigurationPlatforms) = postSolution
		{9542A143-EE13-4BE5-B523-8C089C5C5EDA}.Debug|Any CPU.ActiveCfg = Debug|Any CPU
		{9542A143-EE13-4BE5-B523-8C089C5C5EDA}.Debug|Any CPU.Build.0 = Debug|Any CPU
		{9542A143-EE13-4BE5-B523-8C089C5C5EDA}.Release|Any CPU.ActiveCfg = Release|Any CPU
		{9542A143-EE13-4BE5-B523-8C089C5C5EDA}.Release|Any CPU.Build.0 = Release|Any CPU
	EndGlobalSection
	GlobalSection(SolutionProperties) = preSolution
		HideSolutionNode = FALSE
	EndGlobalSection
	GlobalSection(ExtensibilityGlobals) = postSolution
		SolutionGuid = {D8668949-7231-47C1-AB54-3DA87AB8FB01}
	EndGlobalSection
EndGlobal
